
Microsoft Visual Studio Solution File, Format Version 12.00
# Visual Studio Version 17
VisualStudioVersion = 17.2.32630.192
MinimumVisualStudioVersion = 10.0.40219.1
Project("{FAE04EC0-301F-11D3-BF4B-00C04F79EFBC}") = "Hashtables", "Hashtables.csproj", "{F9A81F5E-7A90-4165-91F2-93CE50F44228}"
EndProject
Global
	GlobalSection(SolutionConfigurationPlatforms) = preSolution
		Debug|Any CPU = Debug|Any CPU
		Release|Any CPU = Release|Any CPU
	EndGlobalSection
	GlobalSection(ProjectConfigurationPlatforms) = postSolution
		{F9A81F5E-7A90-4165-91F2-93CE50F44228}.Debug|Any CPU.ActiveCfg = Debug|Any CPU
		{F9A81F5E-7A90-4165-91F2-93CE50F44228}.Debug|Any CPU.Build.0 = Debug|Any CPU
		{F9A81F5E-7A90-4165-91F2-93CE50F44228}.Release|Any CPU.ActiveCfg = Release|Any CPU
		{F9A81F5E-7A90-4165-91F2-93CE50F44228}.Release|Any CPU.Build.0 = Release|Any CPU
	EndGlobalSection
	GlobalSection(SolutionProperties) = preSolution
		HideSolutionNode = FALSE
	EndGlobalSection
	GlobalSection(ExtensibilityGlobals) = postSolution
		SolutionGuid = {96249D89-EDB5-445F-AA08-A0FBDC754316}
	EndGlobalSection
EndGlobal
